// !$*UTF8*$!
{
	archiveVersion = 1;
	classes = {
	};
	objectVersion = 50;
	objects = {

/* Begin PBXBuildFile section */
		C29346CB23FBC5CF00B33799 /* quiz_question_3.cpp in Sources */ = {isa = PBXBuildFile; fileRef = C2E7F4C723FBB83400E4032A /* quiz_question_3.cpp */; };
/* End PBXBuildFile section */

/* Begin PBXCopyFilesBuildPhase section */
		C2E7F4B523FBB73400E4032A /* CopyFiles */ = {
			isa = PBXCopyFilesBuildPhase;
			buildActionMask = 2147483647;
			dstPath = /usr/share/man/man1/;
			dstSubfolderSpec = 0;
			files = (
			);
			runOnlyForDeploymentPostprocessing = 1;
		};
		C2E7F4CF23FBBEA200E4032A /* CopyFiles */ = {
			isa = PBXCopyFilesBuildPhase;
			buildActionMask = 2147483647;
			dstPath = /usr/share/man/man1/;
			dstSubfolderSpec = 0;
			files = (
			);
			runOnlyForDeploymentPostprocessing = 1;
		};
/* End PBXCopyFilesBuildPhase section */

/* Begin PBXFileReference section */
		C29346C823FBC1B900B33799 /* quiz_question_4.cpp */ = {isa = PBXFileReference; lastKnownFileType = sourcecode.cpp.cpp; path = quiz_question_4.cpp; sourceTree = "<group>"; };
		C29346C923FBC1B900B33799 /* constants.hpp */ = {isa = PBXFileReference; lastKnownFileType = sourcecode.cpp.h; path = constants.hpp; sourceTree = "<group>"; };
		C2E7F4B723FBB73400E4032A /* src */ = {isa = PBXFileReference; explicitFileType = "compiled.mach-o.executable"; includeInIndex = 0; path = src; sourceTree = BUILT_PRODUCTS_DIR; };
		C2E7F4C723FBB83400E4032A /* quiz_question_3.cpp */ = {isa = PBXFileReference; lastKnownFileType = sourcecode.cpp.cpp; path = quiz_question_3.cpp; sourceTree = "<group>"; };
		C2E7F4D123FBBEA200E4032A /* learncpp */ = {isa = PBXFileReference; explicitFileType = "compiled.mach-o.executable"; includeInIndex = 0; path = learncpp; sourceTree = BUILT_PRODUCTS_DIR; };
/* End PBXFileReference section */

/* Begin PBXFrameworksBuildPhase section */
		C2E7F4B423FBB73400E4032A /* Frameworks */ = {
			isa = PBXFrameworksBuildPhase;
			buildActionMask = 2147483647;
			files = (
			);
			runOnlyForDeploymentPostprocessing = 0;
		};
		C2E7F4CE23FBBEA200E4032A /* Frameworks */ = {
			isa = PBXFrameworksBuildPhase;
			buildActionMask = 2147483647;
			files = (
			);
			runOnlyForDeploymentPostprocessing = 0;
		};
/* End PBXFrameworksBuildPhase section */

/* Begin PBXGroup section */
		C2E7F4AE23FBB73400E4032A = {
			isa = PBXGroup;
			children = (
				C2E7F4B923FBB73400E4032A /* src */,
				C2E7F4B823FBB73400E4032A /* Products */,
			);
			sourceTree = "<group>";
		};
		C2E7F4B823FBB73400E4032A /* Products */ = {
			isa = PBXGroup;
			children = (
				C2E7F4B723FBB73400E4032A /* src */,
				C2E7F4D123FBBEA200E4032A /* learncpp */,
			);
			name = Products;
			sourceTree = "<group>";
		};
		C2E7F4B923FBB73400E4032A /* src */ = {
			isa = PBXGroup;
			children = (
				C2E7F4D223FBBEA300E4032A /* learncpp */,
			);
			path = src;
			sourceTree = "<group>";
		};
		C2E7F4C523FBB7F600E4032A /* chapters_0_1_2_3 */ = {
			isa = PBXGroup;
			children = (
			);
			path = chapters_0_1_2_3;
			sourceTree = "<group>";
		};
		C2E7F4C623FBB81100E4032A /* chapter_4 */ = {
			isa = PBXGroup;
			children = (
				C2E7F4C723FBB83400E4032A /* quiz_question_3.cpp */,
				C29346C823FBC1B900B33799 /* quiz_question_4.cpp */,
				C29346C923FBC1B900B33799 /* constants.hpp */,
			);
			path = chapter_4;
			sourceTree = "<group>";
		};
		C2E7F4D223FBBEA300E4032A /* learncpp */ = {
			isa = PBXGroup;
			children = (
				C2E7F4C523FBB7F600E4032A /* chapters_0_1_2_3 */,
				C2E7F4C623FBB81100E4032A /* chapter_4 */,
			);
			name = learncpp;
			path = ../learncpp;
			sourceTree = "<group>";
		};
/* End PBXGroup section */

/* Begin PBXNativeTarget section */
		C2E7F4B623FBB73400E4032A /* src */ = {
			isa = PBXNativeTarget;
			buildConfigurationList = C2E7F4BE23FBB73400E4032A /* Build configuration list for PBXNativeTarget "src" */;
			buildPhases = (
				C2E7F4B323FBB73400E4032A /* Sources */,
				C2E7F4B423FBB73400E4032A /* Frameworks */,
				C2E7F4B523FBB73400E4032A /* CopyFiles */,
			);
			buildRules = (
			);
			dependencies = (
			);
			name = src;
			productName = src;
			productReference = C2E7F4B723FBB73400E4032A /* src */;
			productType = "com.apple.product-type.tool";
		};
		C2E7F4D023FBBEA200E4032A /* learncpp */ = {
			isa = PBXNativeTarget;
			buildConfigurationList = C2E7F4D523FBBEA300E4032A /* Build configuration list for PBXNativeTarget "learncpp" */;
			buildPhases = (
				C2E7F4CD23FBBEA200E4032A /* Sources */,
				C2E7F4CE23FBBEA200E4032A /* Frameworks */,
				C2E7F4CF23FBBEA200E4032A /* CopyFiles */,
			);
			buildRules = (
			);
			dependencies = (
			);
			name = learncpp;
			productName = learncpp;
			productReference = C2E7F4D123FBBEA200E4032A /* learncpp */;
			productType = "com.apple.product-type.tool";
		};
/* End PBXNativeTarget section */

/* Begin PBXProject section */
		C2E7F4AF23FBB73400E4032A /* Project object */ = {
			isa = PBXProject;
			attributes = {
				LastUpgradeCheck = 1010;
				ORGANIZATIONNAME = "allwyn joseph";
				TargetAttributes = {
					C2E7F4B623FBB73400E4032A = {
						CreatedOnToolsVersion = 10.1;
					};
					C2E7F4D023FBBEA200E4032A = {
						CreatedOnToolsVersion = 10.1;
					};
				};
			};
			buildConfigurationList = C2E7F4B223FBB73400E4032A /* Build configuration list for PBXProject "src" */;
			compatibilityVersion = "Xcode 9.3";
			developmentRegion = en;
			hasScannedForEncodings = 0;
			knownRegions = (
				en,
			);
			mainGroup = C2E7F4AE23FBB73400E4032A;
			productRefGroup = C2E7F4B823FBB73400E4032A /* Products */;
			projectDirPath = "";
			projectRoot = "";
			targets = (
				C2E7F4B623FBB73400E4032A /* src */,
				C2E7F4D023FBBEA200E4032A /* learncpp */,
			);
		};
/* End PBXProject section */

/* Begin PBXSourcesBuildPhase section */
		C2E7F4B323FBB73400E4032A /* Sources */ = {
			isa = PBXSourcesBuildPhase;
			buildActionMask = 2147483647;
			files = (
			);
			runOnlyForDeploymentPostprocessing = 0;
		};
		C2E7F4CD23FBBEA200E4032A /* Sources */ = {
			isa = PBXSourcesBuildPhase;
			buildActionMask = 2147483647;
			files = (
				C29346CB23FBC5CF00B33799 /* quiz_question_3.cpp in Sources */,
			);
			runOnlyForDeploymentPostprocessing = 0;
		};
/* End PBXSourcesBuildPhase section */

/* Begin XCBuildConfiguration section */
		C2E7F4BC23FBB73400E4032A /* Debug */ = {
			isa = XCBuildConfiguration;
			buildSettings = {
				ALWAYS_SEARCH_USER_PATHS = NO;
				CLANG_ANALYZER_NONNULL = YES;
				CLANG_ANALYZER_NUMBER_OBJECT_CONVERSION = YES_AGGRESSIVE;
				CLANG_CXX_LANGUAGE_STANDARD = "gnu++14";
				CLANG_CXX_LIBRARY = "libc++";
				CLANG_ENABLE_MODULES = YES;
				CLANG_ENABLE_OBJC_ARC = YES;
				CLANG_ENABLE_OBJC_WEAK = YES;
				CLANG_WARN_BLOCK_CAPTURE_AUTORELEASING = YES;
				CLANG_WARN_BOOL_CONVERSION = YES;
				CLANG_WARN_COMMA = YES;
				CLANG_WARN_CONSTANT_CONVERSION = YES;
				CLANG_WARN_DEPRECATED_OBJC_IMPLEMENTATIONS = YES;
				CLANG_WARN_DIRECT_OBJC_ISA_USAGE = YES_ERROR;
				CLANG_WARN_DOCUMENTATION_COMMENTS = YES;
				CLANG_WARN_EMPTY_BODY = YES;
				CLANG_WARN_ENUM_CONVERSION = YES;
				CLANG_WARN_INFINITE_RECURSION = YES;
				CLANG_WARN_INT_CONVERSION = YES;
				CLANG_WARN_NON_LITERAL_NULL_CONVERSION = YES;
				CLANG_WARN_OBJC_IMPLICIT_RETAIN_SELF = YES;
				CLANG_WARN_OBJC_LITERAL_CONVERSION = YES;
				CLANG_WARN_OBJC_ROOT_CLASS = YES_ERROR;
				CLANG_WARN_RANGE_LOOP_ANALYSIS = YES;
				CLANG_WARN_STRICT_PROTOTYPES = YES;
				CLANG_WARN_SUSPICIOUS_MOVE = YES;
				CLANG_WARN_UNGUARDED_AVAILABILITY = YES_AGGRESSIVE;
				CLANG_WARN_UNREACHABLE_CODE = YES;
				CLANG_WARN__DUPLICATE_METHOD_MATCH = YES;
				CODE_SIGN_IDENTITY = "-";
				COPY_PHASE_STRIP = NO;
				DEBUG_INFORMATION_FORMAT = dwarf;
				ENABLE_STRICT_OBJC_MSGSEND = YES;
				ENABLE_TESTABILITY = YES;
				GCC_C_LANGUAGE_STANDARD = gnu11;
				GCC_DYNAMIC_NO_PIC = NO;
				GCC_NO_COMMON_BLOCKS = YES;
				GCC_OPTIMIZATION_LEVEL = 0;
				GCC_PREPROCESSOR_DEFINITIONS = (
					"DEBUG=1",
					"$(inherited)",
				);
				GCC_WARN_64_TO_32_BIT_CONVERSION = YES;
				GCC_WARN_ABOUT_RETURN_TYPE = YES_ERROR;
				GCC_WARN_UNDECLARED_SELECTOR = YES;
				GCC_WARN_UNINITIALIZED_AUTOS = YES_AGGRESSIVE;
				GCC_WARN_UNUSED_FUNCTION = YES;
				GCC_WARN_UNUSED_VARIABLE = YES;
				MACOSX_DEPLOYMENT_TARGET = 10.13;
				MTL_ENABLE_DEBUG_INFO = INCLUDE_SOURCE;
				MTL_FAST_MATH = YES;
				ONLY_ACTIVE_ARCH = YES;
				SDKROOT = macosx;
			};
			name = Debug;
		};
		C2E7F4BD23FBB73400E4032A /* Release */ = {
			isa = XCBuildConfiguration;
			buildSettings = {
				ALWAYS_SEARCH_USER_PATHS = NO;
				CLANG_ANALYZER_NONNULL = YES;
				CLANG_ANALYZER_NUMBER_OBJECT_CONVERSION = YES_AGGRESSIVE;
				CLANG_CXX_LANGUAGE_STANDARD = "gnu++14";
				CLANG_CXX_LIBRARY = "libc++";
				CLANG_ENABLE_MODULES = YES;
				CLANG_ENABLE_OBJC_ARC = YES;
				CLANG_ENABLE_OBJC_WEAK = YES;
				CLANG_WARN_BLOCK_CAPTURE_AUTORELEASING = YES;
				CLANG_WARN_BOOL_CONVERSION = YES;
				CLANG_WARN_COMMA = YES;
				CLANG_WARN_CONSTANT_CONVERSION = YES;
				CLANG_WARN_DEPRECATED_OBJC_IMPLEMENTATIONS = YES;
				CLANG_WARN_DIRECT_OBJC_ISA_USAGE = YES_ERROR;
				CLANG_WARN_DOCUMENTATION_COMMENTS = YES;
				CLANG_WARN_EMPTY_BODY = YES;
				CLANG_WARN_ENUM_CONVERSION = YES;
				CLANG_WARN_INFINITE_RECURSION = YES;
				CLANG_WARN_INT_CONVERSION = YES;
				CLANG_WARN_NON_LITERAL_NULL_CONVERSION = YES;
				CLANG_WARN_OBJC_IMPLICIT_RETAIN_SELF = YES;
				CLANG_WARN_OBJC_LITERAL_CONVERSION = YES;
				CLANG_WARN_OBJC_ROOT_CLASS = YES_ERROR;
				CLANG_WARN_RANGE_LOOP_ANALYSIS = YES;
				CLANG_WARN_STRICT_PROTOTYPES = YES;
				CLANG_WARN_SUSPICIOUS_MOVE = YES;
				CLANG_WARN_UNGUARDED_AVAILABILITY = YES_AGGRESSIVE;
				CLANG_WARN_UNREACHABLE_CODE = YES;
				CLANG_WARN__DUPLICATE_METHOD_MATCH = YES;
				CODE_SIGN_IDENTITY = "-";
				COPY_PHASE_STRIP = NO;
				DEBUG_INFORMATION_FORMAT = "dwarf-with-dsym";
				ENABLE_NS_ASSERTIONS = NO;
				ENABLE_STRICT_OBJC_MSGSEND = YES;
				GCC_C_LANGUAGE_STANDARD = gnu11;
				GCC_NO_COMMON_BLOCKS = YES;
				GCC_WARN_64_TO_32_BIT_CONVERSION = YES;
				GCC_WARN_ABOUT_RETURN_TYPE = YES_ERROR;
				GCC_WARN_UNDECLARED_SELECTOR = YES;
				GCC_WARN_UNINITIALIZED_AUTOS = YES_AGGRESSIVE;
				GCC_WARN_UNUSED_FUNCTION = YES;
				GCC_WARN_UNUSED_VARIABLE = YES;
				MACOSX_DEPLOYMENT_TARGET = 10.13;
				MTL_ENABLE_DEBUG_INFO = NO;
				MTL_FAST_MATH = YES;
				SDKROOT = macosx;
			};
			name = Release;
		};
		C2E7F4BF23FBB73400E4032A /* Debug */ = {
			isa = XCBuildConfiguration;
			buildSettings = {
				CODE_SIGN_STYLE = Automatic;
				PRODUCT_NAME = "$(TARGET_NAME)";
			};
			name = Debug;
		};
		C2E7F4C023FBB73400E4032A /* Release */ = {
			isa = XCBuildConfiguration;
			buildSettings = {
				CODE_SIGN_STYLE = Automatic;
				PRODUCT_NAME = "$(TARGET_NAME)";
			};
			name = Release;
		};
		C2E7F4D623FBBEA300E4032A /* Debug */ = {
			isa = XCBuildConfiguration;
			buildSettings = {
				CODE_SIGN_STYLE = Automatic;
				PRODUCT_NAME = "$(TARGET_NAME)";
			};
			name = Debug;
		};
		C2E7F4D723FBBEA300E4032A /* Release */ = {
			isa = XCBuildConfiguration;
			buildSettings = {
				CODE_SIGN_STYLE = Automatic;
				PRODUCT_NAME = "$(TARGET_NAME)";
			};
			name = Release;
		};
/* End XCBuildConfiguration section */

/* Begin XCConfigurationList section */
		C2E7F4B223FBB73400E4032A /* Build configuration list for PBXProject "src" */ = {
			isa = XCConfigurationList;
			buildConfigurations = (
				C2E7F4BC23FBB73400E4032A /* Debug */,
				C2E7F4BD23FBB73400E4032A /* Release */,
			);
			defaultConfigurationIsVisible = 0;
			defaultConfigurationName = Release;
		};
		C2E7F4BE23FBB73400E4032A /* Build configuration list for PBXNativeTarget "src" */ = {
			isa = XCConfigurationList;
			buildConfigurations = (
				C2E7F4BF23FBB73400E4032A /* Debug */,
				C2E7F4C023FBB73400E4032A /* Release */,
			);
			defaultConfigurationIsVisible = 0;
			defaultConfigurationName = Release;
		};
		C2E7F4D523FBBEA300E4032A /* Build configuration list for PBXNativeTarget "learncpp" */ = {
			isa = XCConfigurationList;
			buildConfigurations = (
				C2E7F4D623FBBEA300E4032A /* Debug */,
				C2E7F4D723FBBEA300E4032A /* Release */,
			);
			defaultConfigurationIsVisible = 0;
			defaultConfigurationName = Release;
		};
/* End XCConfigurationList section */
	};
	rootObject = C2E7F4AF23FBB73400E4032A /* Project object */;
}
